
Microsoft Visual Studio Solution File, Format Version 12.00
# Visual Studio 15
VisualStudioVersion = 15.0.26124.0
MinimumVisualStudioVersion = 15.0.26124.0
Project("{FAE04EC0-301F-11D3-BF4B-00C04F79EFBC}") = "TasksApi", "TasksApi\TasksApi.csproj", "{B4D5A220-41A3-4684-BA9D-C0E09392CA77}"
EndProject
Project("{FAE04EC0-301F-11D3-BF4B-00C04F79EFBC}") = "TasksApi.Test", "TasksApi.Test\TasksApi.Test.csproj", "{C3DED67C-C89D-400C-BF86-D5E33B4EB1D0}"
EndProject
Global
	GlobalSection(SolutionConfigurationPlatforms) = preSolution
		Debug|Any CPU = Debug|Any CPU
		Debug|x64 = Debug|x64
		Debug|x86 = Debug|x86
		Release|Any CPU = Release|Any CPU
		Release|x64 = Release|x64
		Release|x86 = Release|x86
	EndGlobalSection
	GlobalSection(SolutionProperties) = preSolution
		HideSolutionNode = FALSE
	EndGlobalSection
	GlobalSection(ProjectConfigurationPlatforms) = postSolution
		{B4D5A220-41A3-4684-BA9D-C0E09392CA77}.Debug|Any CPU.ActiveCfg = Debug|Any CPU
		{B4D5A220-41A3-4684-BA9D-C0E09392CA77}.Debug|Any CPU.Build.0 = Debug|Any CPU
		{B4D5A220-41A3-4684-BA9D-C0E09392CA77}.Debug|x64.ActiveCfg = Debug|Any CPU
		{B4D5A220-41A3-4684-BA9D-C0E09392CA77}.Debug|x64.Build.0 = Debug|Any CPU
		{B4D5A220-41A3-4684-BA9D-C0E09392CA77}.Debug|x86.ActiveCfg = Debug|Any CPU
		{B4D5A220-41A3-4684-BA9D-C0E09392CA77}.Debug|x86.Build.0 = Debug|Any CPU
		{B4D5A220-41A3-4684-BA9D-C0E09392CA77}.Release|Any CPU.ActiveCfg = Release|Any CPU
		{B4D5A220-41A3-4684-BA9D-C0E09392CA77}.Release|Any CPU.Build.0 = Release|Any CPU
		{B4D5A220-41A3-4684-BA9D-C0E09392CA77}.Release|x64.ActiveCfg = Release|Any CPU
		{B4D5A220-41A3-4684-BA9D-C0E09392CA77}.Release|x64.Build.0 = Release|Any CPU
		{B4D5A220-41A3-4684-BA9D-C0E09392CA77}.Release|x86.ActiveCfg = Release|Any CPU
		{B4D5A220-41A3-4684-BA9D-C0E09392CA77}.Release|x86.Build.0 = Release|Any CPU
		{C3DED67C-C89D-400C-BF86-D5E33B4EB1D0}.Debug|Any CPU.ActiveCfg = Debug|Any CPU
		{C3DED67C-C89D-400C-BF86-D5E33B4EB1D0}.Debug|Any CPU.Build.0 = Debug|Any CPU
		{C3DED67C-C89D-400C-BF86-D5E33B4EB1D0}.Debug|x64.ActiveCfg = Debug|Any CPU
		{C3DED67C-C89D-400C-BF86-D5E33B4EB1D0}.Debug|x64.Build.0 = Debug|Any CPU
		{C3DED67C-C89D-400C-BF86-D5E33B4EB1D0}.Debug|x86.ActiveCfg = Debug|Any CPU
		{C3DED67C-C89D-400C-BF86-D5E33B4EB1D0}.Debug|x86.Build.0 = Debug|Any CPU
		{C3DED67C-C89D-400C-BF86-D5E33B4EB1D0}.Release|Any CPU.ActiveCfg = Release|Any CPU
		{C3DED67C-C89D-400C-BF86-D5E33B4EB1D0}.Release|Any CPU.Build.0 = Release|Any CPU
		{C3DED67C-C89D-400C-BF86-D5E33B4EB1D0}.Release|x64.ActiveCfg = Release|Any CPU
		{C3DED67C-C89D-400C-BF86-D5E33B4EB1D0}.Release|x64.Build.0 = Release|Any CPU
		{C3DED67C-C89D-400C-BF86-D5E33B4EB1D0}.Release|x86.ActiveCfg = Release|Any CPU
		{C3DED67C-C89D-400C-BF86-D5E33B4EB1D0}.Release|x86.Build.0 = Release|Any CPU
	EndGlobalSection
EndGlobal
